
Microsoft Visual Studio Solution File, Format Version 12.00
# Visual Studio Version 17
VisualStudioVersion = 17.0.31903.59
MinimumVisualStudioVersion = 10.0.40219.1
Project("{9A19103F-16F7-4668-BE54-9A1E7A4F7556}") = "PetFamily.Web", "src\PetFamily.Web\PetFamily.Web.csproj", "{56153891-7DFE-4E48-B269-3AB9B452D305}"
	ProjectSection(ProjectDependencies) = postProject
		{28BB8DB4-513A-4A01-A66F-EF18605531CC} = {28BB8DB4-513A-4A01-A66F-EF18605531CC}
		{46DDB4E0-37E9-4631-8786-FCE0C17A93FD} = {46DDB4E0-37E9-4631-8786-FCE0C17A93FD}
		{6459F424-1FC1-4846-B011-8070552E64D1} = {6459F424-1FC1-4846-B011-8070552E64D1}
		{75F42749-003A-48E5-A0A6-AF9A57CB9F65} = {75F42749-003A-48E5-A0A6-AF9A57CB9F65}
		{95BE8EA2-3F1B-47DD-AE8D-CFDD78AFF05E} = {95BE8EA2-3F1B-47DD-AE8D-CFDD78AFF05E}
		{A39AEBB4-70A5-4857-94A7-A0EA15616A85} = {A39AEBB4-70A5-4857-94A7-A0EA15616A85}
		{C24945C2-CC69-47E0-83ED-A1DB903BBC06} = {C24945C2-CC69-47E0-83ED-A1DB903BBC06}
		{E2EFE01E-49FD-4FC8-AA5B-1F8506F3E071} = {E2EFE01E-49FD-4FC8-AA5B-1F8506F3E071}
		{EE04AB9A-6B85-427B-8448-B5493D34735E} = {EE04AB9A-6B85-427B-8448-B5493D34735E}
	EndProjectSection
EndProject
Project("{E53339B2-1760-4266-BCC7-CA923CBCF16C}") = "docker-compose", "docker-compose.dcproj", "{A1420B97-4A41-41B8-9EE9-CDF2BED4F7C7}"
EndProject
Project("{2150E333-8FDC-42A3-9474-1A3956D46DE8}") = "Solution Items", "Solution Items", "{FA98C011-9025-466A-A8FF-A193F135A40C}"
	ProjectSection(SolutionItems) = preProject
		.editorconfig = .editorconfig
	EndProjectSection
EndProject
Project("{FAE04EC0-301F-11D3-BF4B-00C04F79EFBC}") = "PetFamily.UnitTests", "src\PetFamily.UnitTests\PetFamily.UnitTests.csproj", "{91EB4BAB-E5DD-4F04-8919-B2B4D8E35ACD}"
	ProjectSection(ProjectDependencies) = postProject
		{56153891-7DFE-4E48-B269-3AB9B452D305} = {56153891-7DFE-4E48-B269-3AB9B452D305}
	EndProjectSection
EndProject
Project("{FAE04EC0-301F-11D3-BF4B-00C04F79EFBC}") = "PetFamily.SharedKernel", "src\Shared\PetFamily.SharedKernel\PetFamily.SharedKernel.csproj", "{46DDB4E0-37E9-4631-8786-FCE0C17A93FD}"
EndProject
Project("{FAE04EC0-301F-11D3-BF4B-00C04F79EFBC}") = "PetFamily.Volunteers.Application", "src\Volunteers\PetFamily.Volunteers.Application\PetFamily.Volunteers.Application.csproj", "{75F42749-003A-48E5-A0A6-AF9A57CB9F65}"
EndProject
Project("{FAE04EC0-301F-11D3-BF4B-00C04F79EFBC}") = "PetFamily.Volunteers.Presentation", "src\Volunteers\PetFamily.Volunteers.Controllers\PetFamily.Volunteers.Presentation.csproj", "{84DCE47F-36D6-427D-8267-BEC5C645FD19}"
EndProject
Project("{FAE04EC0-301F-11D3-BF4B-00C04F79EFBC}") = "PetFamily.Volunteers.Domain", "src\Volunteers\PetFamily.Volunteers.Domain\PetFamily.Volunteers.Domain.csproj", "{EE04AB9A-6B85-427B-8448-B5493D34735E}"
EndProject
Project("{FAE04EC0-301F-11D3-BF4B-00C04F79EFBC}") = "PetFamily.Volunteers.Infrastructure", "src\Volunteers\PetFamily.Volunteers.Infrastructure\PetFamily.Volunteers.Infrastructure.csproj", "{95BE8EA2-3F1B-47DD-AE8D-CFDD78AFF05E}"
EndProject
Project("{2150E333-8FDC-42A3-9474-1A3956D46DE8}") = "Volunteers", "Volunteers", "{7785C522-1A97-4123-93EE-D2FF1CB0106E}"
EndProject
Project("{2150E333-8FDC-42A3-9474-1A3956D46DE8}") = "Specieses", "Specieses", "{036F662D-3EA7-46CB-A3E5-969787E41334}"
EndProject
Project("{2150E333-8FDC-42A3-9474-1A3956D46DE8}") = "Shared", "Shared", "{8F4A74D4-4408-4BEC-ACC5-471519F3EE07}"
	ProjectSection(SolutionItems) = preProject
		..\PetFamily.Volunteers.Domain\PetsValueObjects\PetFiles.cs = ..\PetFamily.Volunteers.Domain\PetsValueObjects\PetFiles.cs
	EndProjectSection
EndProject
Project("{2150E333-8FDC-42A3-9474-1A3956D46DE8}") = "src", "src", "{419BB64C-31EC-46D3-A098-3E8D5BD8AC34}"
EndProject
Project("{FAE04EC0-301F-11D3-BF4B-00C04F79EFBC}") = "PetFamily.Specieses.Application", "src\Specieses\PetFamily.Specieses.Application\PetFamily.Specieses.Application.csproj", "{C24945C2-CC69-47E0-83ED-A1DB903BBC06}"
EndProject
Project("{FAE04EC0-301F-11D3-BF4B-00C04F79EFBC}") = "PetFamily.Specieses.Presentation", "src\Specieses\PetFamily.Specieses.Controllers\PetFamily.Specieses.Presentation.csproj", "{56E53A20-134A-4E14-B036-DB49164B324C}"
EndProject
Project("{FAE04EC0-301F-11D3-BF4B-00C04F79EFBC}") = "PetFamily.Specieses.Domain", "src\Specieses\PetFamily.Specieses.Domain\PetFamily.Specieses.Domain.csproj", "{6459F424-1FC1-4846-B011-8070552E64D1}"
EndProject
Project("{FAE04EC0-301F-11D3-BF4B-00C04F79EFBC}") = "PetFamily.Specieses.Infrastructure", "src\Specieses\PetFamily.Specieses.Infrastructure\PetFamily.Specieses.Infrastructure.csproj", "{A39AEBB4-70A5-4857-94A7-A0EA15616A85}"
EndProject
Project("{FAE04EC0-301F-11D3-BF4B-00C04F79EFBC}") = "PetFamily.Core", "src\Shared\PetFamily.Core\PetFamily.Core.csproj", "{28BB8DB4-513A-4A01-A66F-EF18605531CC}"
EndProject
Project("{FAE04EC0-301F-11D3-BF4B-00C04F79EFBC}") = "PetFamily.Framework", "src\Shared\PetFamily.Framework\PetFamily.Framework.csproj", "{E2EFE01E-49FD-4FC8-AA5B-1F8506F3E071}"
EndProject
Project("{FAE04EC0-301F-11D3-BF4B-00C04F79EFBC}") = "PetFamily.Specieses.Contracts", "src\Specieses\PetFamily.Specieses.Contracts\PetFamily.Specieses.Contracts.csproj", "{70E3F573-EE9F-43DC-98D5-AA3556E3B15C}"
EndProject
Project("{FAE04EC0-301F-11D3-BF4B-00C04F79EFBC}") = "PetFamily.Volunteers.Contracts", "src\Volunteers\PetFamily.Volunteers.Contracts\PetFamily.Volunteers.Contracts.csproj", "{32361F10-26D0-40B6-BA32-F42DB54F3426}"
EndProject
Project("{2150E333-8FDC-42A3-9474-1A3956D46DE8}") = "Accounts", "Accounts", "{A8EDE689-3A84-4F7D-881F-18F0A66970D7}"
EndProject
Project("{FAE04EC0-301F-11D3-BF4B-00C04F79EFBC}") = "PetFamily.Accounts.Application", "src\Accounts\PetFamily.Accounts.Application\PetFamily.Accounts.Application.csproj", "{38510D2F-2A0B-4E77-BA51-98D500C2B0DF}"
EndProject
Project("{FAE04EC0-301F-11D3-BF4B-00C04F79EFBC}") = "PetFamily.Accounts.Contracts", "src\Accounts\PetFamily.Accounts.Contracts\PetFamily.Accounts.Contracts.csproj", "{38AF93B7-53F1-4E7C-A13D-BC7277043A86}"
EndProject
Project("{FAE04EC0-301F-11D3-BF4B-00C04F79EFBC}") = "PetFamily.Accounts.Domain", "src\Accounts\PetFamily.Accounts.Domain\PetFamily.Accounts.Domain.csproj", "{09396112-1AAF-4461-B631-F0D1774BE2EB}"
EndProject
Project("{FAE04EC0-301F-11D3-BF4B-00C04F79EFBC}") = "PetFamily.Accounts.Infrastructure", "src\Accounts\PetFamily.Accounts.Infrastructure\PetFamily.Accounts.Infrastructure.csproj", "{FB7FE4A3-04C4-42AF-BB96-65520C070D49}"
EndProject
Project("{FAE04EC0-301F-11D3-BF4B-00C04F79EFBC}") = "PetFamily.Accounts.Presentation", "src\Accounts\PetFamily.Accounts.Presentation\PetFamily.Accounts.Presentation.csproj", "{0D078D6D-A66C-4E78-8787-A4D7E26EF6C5}"
EndProject
Global
	GlobalSection(SolutionConfigurationPlatforms) = preSolution
		Debug|Any CPU = Debug|Any CPU
		Release|Any CPU = Release|Any CPU
	EndGlobalSection
	GlobalSection(ProjectConfigurationPlatforms) = postSolution
		{56153891-7DFE-4E48-B269-3AB9B452D305}.Debug|Any CPU.ActiveCfg = Debug|Any CPU
		{56153891-7DFE-4E48-B269-3AB9B452D305}.Debug|Any CPU.Build.0 = Debug|Any CPU
		{56153891-7DFE-4E48-B269-3AB9B452D305}.Release|Any CPU.ActiveCfg = Release|Any CPU
		{56153891-7DFE-4E48-B269-3AB9B452D305}.Release|Any CPU.Build.0 = Release|Any CPU
		{A1420B97-4A41-41B8-9EE9-CDF2BED4F7C7}.Debug|Any CPU.ActiveCfg = Debug|Any CPU
		{A1420B97-4A41-41B8-9EE9-CDF2BED4F7C7}.Debug|Any CPU.Build.0 = Debug|Any CPU
		{A1420B97-4A41-41B8-9EE9-CDF2BED4F7C7}.Release|Any CPU.ActiveCfg = Release|Any CPU
		{A1420B97-4A41-41B8-9EE9-CDF2BED4F7C7}.Release|Any CPU.Build.0 = Release|Any CPU
		{91EB4BAB-E5DD-4F04-8919-B2B4D8E35ACD}.Debug|Any CPU.ActiveCfg = Debug|Any CPU
		{91EB4BAB-E5DD-4F04-8919-B2B4D8E35ACD}.Debug|Any CPU.Build.0 = Debug|Any CPU
		{91EB4BAB-E5DD-4F04-8919-B2B4D8E35ACD}.Release|Any CPU.ActiveCfg = Release|Any CPU
		{91EB4BAB-E5DD-4F04-8919-B2B4D8E35ACD}.Release|Any CPU.Build.0 = Release|Any CPU
		{46DDB4E0-37E9-4631-8786-FCE0C17A93FD}.Debug|Any CPU.ActiveCfg = Debug|Any CPU
		{46DDB4E0-37E9-4631-8786-FCE0C17A93FD}.Debug|Any CPU.Build.0 = Debug|Any CPU
		{46DDB4E0-37E9-4631-8786-FCE0C17A93FD}.Release|Any CPU.ActiveCfg = Release|Any CPU
		{46DDB4E0-37E9-4631-8786-FCE0C17A93FD}.Release|Any CPU.Build.0 = Release|Any CPU
		{75F42749-003A-48E5-A0A6-AF9A57CB9F65}.Debug|Any CPU.ActiveCfg = Debug|Any CPU
		{75F42749-003A-48E5-A0A6-AF9A57CB9F65}.Debug|Any CPU.Build.0 = Debug|Any CPU
		{75F42749-003A-48E5-A0A6-AF9A57CB9F65}.Release|Any CPU.ActiveCfg = Release|Any CPU
		{75F42749-003A-48E5-A0A6-AF9A57CB9F65}.Release|Any CPU.Build.0 = Release|Any CPU
		{84DCE47F-36D6-427D-8267-BEC5C645FD19}.Debug|Any CPU.ActiveCfg = Debug|Any CPU
		{84DCE47F-36D6-427D-8267-BEC5C645FD19}.Debug|Any CPU.Build.0 = Debug|Any CPU
		{84DCE47F-36D6-427D-8267-BEC5C645FD19}.Release|Any CPU.ActiveCfg = Release|Any CPU
		{84DCE47F-36D6-427D-8267-BEC5C645FD19}.Release|Any CPU.Build.0 = Release|Any CPU
		{EE04AB9A-6B85-427B-8448-B5493D34735E}.Debug|Any CPU.ActiveCfg = Debug|Any CPU
		{EE04AB9A-6B85-427B-8448-B5493D34735E}.Debug|Any CPU.Build.0 = Debug|Any CPU
		{EE04AB9A-6B85-427B-8448-B5493D34735E}.Release|Any CPU.ActiveCfg = Release|Any CPU
		{EE04AB9A-6B85-427B-8448-B5493D34735E}.Release|Any CPU.Build.0 = Release|Any CPU
		{95BE8EA2-3F1B-47DD-AE8D-CFDD78AFF05E}.Debug|Any CPU.ActiveCfg = Debug|Any CPU
		{95BE8EA2-3F1B-47DD-AE8D-CFDD78AFF05E}.Debug|Any CPU.Build.0 = Debug|Any CPU
		{95BE8EA2-3F1B-47DD-AE8D-CFDD78AFF05E}.Release|Any CPU.ActiveCfg = Release|Any CPU
		{95BE8EA2-3F1B-47DD-AE8D-CFDD78AFF05E}.Release|Any CPU.Build.0 = Release|Any CPU
		{C24945C2-CC69-47E0-83ED-A1DB903BBC06}.Debug|Any CPU.ActiveCfg = Debug|Any CPU
		{C24945C2-CC69-47E0-83ED-A1DB903BBC06}.Debug|Any CPU.Build.0 = Debug|Any CPU
		{C24945C2-CC69-47E0-83ED-A1DB903BBC06}.Release|Any CPU.ActiveCfg = Release|Any CPU
		{C24945C2-CC69-47E0-83ED-A1DB903BBC06}.Release|Any CPU.Build.0 = Release|Any CPU
		{56E53A20-134A-4E14-B036-DB49164B324C}.Debug|Any CPU.ActiveCfg = Debug|Any CPU
		{56E53A20-134A-4E14-B036-DB49164B324C}.Debug|Any CPU.Build.0 = Debug|Any CPU
		{56E53A20-134A-4E14-B036-DB49164B324C}.Release|Any CPU.ActiveCfg = Release|Any CPU
		{56E53A20-134A-4E14-B036-DB49164B324C}.Release|Any CPU.Build.0 = Release|Any CPU
		{6459F424-1FC1-4846-B011-8070552E64D1}.Debug|Any CPU.ActiveCfg = Debug|Any CPU
		{6459F424-1FC1-4846-B011-8070552E64D1}.Debug|Any CPU.Build.0 = Debug|Any CPU
		{6459F424-1FC1-4846-B011-8070552E64D1}.Release|Any CPU.ActiveCfg = Release|Any CPU
		{6459F424-1FC1-4846-B011-8070552E64D1}.Release|Any CPU.Build.0 = Release|Any CPU
		{A39AEBB4-70A5-4857-94A7-A0EA15616A85}.Debug|Any CPU.ActiveCfg = Debug|Any CPU
		{A39AEBB4-70A5-4857-94A7-A0EA15616A85}.Debug|Any CPU.Build.0 = Debug|Any CPU
		{A39AEBB4-70A5-4857-94A7-A0EA15616A85}.Release|Any CPU.ActiveCfg = Release|Any CPU
		{A39AEBB4-70A5-4857-94A7-A0EA15616A85}.Release|Any CPU.Build.0 = Release|Any CPU
		{28BB8DB4-513A-4A01-A66F-EF18605531CC}.Debug|Any CPU.ActiveCfg = Debug|Any CPU
		{28BB8DB4-513A-4A01-A66F-EF18605531CC}.Debug|Any CPU.Build.0 = Debug|Any CPU
		{28BB8DB4-513A-4A01-A66F-EF18605531CC}.Release|Any CPU.ActiveCfg = Release|Any CPU
		{28BB8DB4-513A-4A01-A66F-EF18605531CC}.Release|Any CPU.Build.0 = Release|Any CPU
		{E2EFE01E-49FD-4FC8-AA5B-1F8506F3E071}.Debug|Any CPU.ActiveCfg = Debug|Any CPU
		{E2EFE01E-49FD-4FC8-AA5B-1F8506F3E071}.Debug|Any CPU.Build.0 = Debug|Any CPU
		{E2EFE01E-49FD-4FC8-AA5B-1F8506F3E071}.Release|Any CPU.ActiveCfg = Release|Any CPU
		{E2EFE01E-49FD-4FC8-AA5B-1F8506F3E071}.Release|Any CPU.Build.0 = Release|Any CPU
		{70E3F573-EE9F-43DC-98D5-AA3556E3B15C}.Debug|Any CPU.ActiveCfg = Debug|Any CPU
		{70E3F573-EE9F-43DC-98D5-AA3556E3B15C}.Debug|Any CPU.Build.0 = Debug|Any CPU
		{70E3F573-EE9F-43DC-98D5-AA3556E3B15C}.Release|Any CPU.ActiveCfg = Release|Any CPU
		{70E3F573-EE9F-43DC-98D5-AA3556E3B15C}.Release|Any CPU.Build.0 = Release|Any CPU
		{32361F10-26D0-40B6-BA32-F42DB54F3426}.Debug|Any CPU.ActiveCfg = Debug|Any CPU
		{32361F10-26D0-40B6-BA32-F42DB54F3426}.Debug|Any CPU.Build.0 = Debug|Any CPU
		{32361F10-26D0-40B6-BA32-F42DB54F3426}.Release|Any CPU.ActiveCfg = Release|Any CPU
		{32361F10-26D0-40B6-BA32-F42DB54F3426}.Release|Any CPU.Build.0 = Release|Any CPU
		{38510D2F-2A0B-4E77-BA51-98D500C2B0DF}.Debug|Any CPU.ActiveCfg = Debug|Any CPU
		{38510D2F-2A0B-4E77-BA51-98D500C2B0DF}.Debug|Any CPU.Build.0 = Debug|Any CPU
		{38510D2F-2A0B-4E77-BA51-98D500C2B0DF}.Release|Any CPU.ActiveCfg = Release|Any CPU
		{38510D2F-2A0B-4E77-BA51-98D500C2B0DF}.Release|Any CPU.Build.0 = Release|Any CPU
		{38AF93B7-53F1-4E7C-A13D-BC7277043A86}.Debug|Any CPU.ActiveCfg = Debug|Any CPU
		{38AF93B7-53F1-4E7C-A13D-BC7277043A86}.Debug|Any CPU.Build.0 = Debug|Any CPU
		{38AF93B7-53F1-4E7C-A13D-BC7277043A86}.Release|Any CPU.ActiveCfg = Release|Any CPU
		{38AF93B7-53F1-4E7C-A13D-BC7277043A86}.Release|Any CPU.Build.0 = Release|Any CPU
		{09396112-1AAF-4461-B631-F0D1774BE2EB}.Debug|Any CPU.ActiveCfg = Debug|Any CPU
		{09396112-1AAF-4461-B631-F0D1774BE2EB}.Debug|Any CPU.Build.0 = Debug|Any CPU
		{09396112-1AAF-4461-B631-F0D1774BE2EB}.Release|Any CPU.ActiveCfg = Release|Any CPU
		{09396112-1AAF-4461-B631-F0D1774BE2EB}.Release|Any CPU.Build.0 = Release|Any CPU
		{FB7FE4A3-04C4-42AF-BB96-65520C070D49}.Debug|Any CPU.ActiveCfg = Debug|Any CPU
		{FB7FE4A3-04C4-42AF-BB96-65520C070D49}.Debug|Any CPU.Build.0 = Debug|Any CPU
		{FB7FE4A3-04C4-42AF-BB96-65520C070D49}.Release|Any CPU.ActiveCfg = Release|Any CPU
		{FB7FE4A3-04C4-42AF-BB96-65520C070D49}.Release|Any CPU.Build.0 = Release|Any CPU
		{0D078D6D-A66C-4E78-8787-A4D7E26EF6C5}.Debug|Any CPU.ActiveCfg = Debug|Any CPU
		{0D078D6D-A66C-4E78-8787-A4D7E26EF6C5}.Debug|Any CPU.Build.0 = Debug|Any CPU
		{0D078D6D-A66C-4E78-8787-A4D7E26EF6C5}.Release|Any CPU.ActiveCfg = Release|Any CPU
		{0D078D6D-A66C-4E78-8787-A4D7E26EF6C5}.Release|Any CPU.Build.0 = Release|Any CPU
	EndGlobalSection
	GlobalSection(SolutionProperties) = preSolution
		HideSolutionNode = FALSE
	EndGlobalSection
	GlobalSection(NestedProjects) = preSolution
		{46DDB4E0-37E9-4631-8786-FCE0C17A93FD} = {8F4A74D4-4408-4BEC-ACC5-471519F3EE07}
		{75F42749-003A-48E5-A0A6-AF9A57CB9F65} = {7785C522-1A97-4123-93EE-D2FF1CB0106E}
		{84DCE47F-36D6-427D-8267-BEC5C645FD19} = {7785C522-1A97-4123-93EE-D2FF1CB0106E}
		{EE04AB9A-6B85-427B-8448-B5493D34735E} = {7785C522-1A97-4123-93EE-D2FF1CB0106E}
		{95BE8EA2-3F1B-47DD-AE8D-CFDD78AFF05E} = {7785C522-1A97-4123-93EE-D2FF1CB0106E}
		{7785C522-1A97-4123-93EE-D2FF1CB0106E} = {419BB64C-31EC-46D3-A098-3E8D5BD8AC34}
		{036F662D-3EA7-46CB-A3E5-969787E41334} = {419BB64C-31EC-46D3-A098-3E8D5BD8AC34}
		{8F4A74D4-4408-4BEC-ACC5-471519F3EE07} = {419BB64C-31EC-46D3-A098-3E8D5BD8AC34}
		{C24945C2-CC69-47E0-83ED-A1DB903BBC06} = {036F662D-3EA7-46CB-A3E5-969787E41334}
		{56E53A20-134A-4E14-B036-DB49164B324C} = {036F662D-3EA7-46CB-A3E5-969787E41334}
		{6459F424-1FC1-4846-B011-8070552E64D1} = {036F662D-3EA7-46CB-A3E5-969787E41334}
		{A39AEBB4-70A5-4857-94A7-A0EA15616A85} = {036F662D-3EA7-46CB-A3E5-969787E41334}
		{28BB8DB4-513A-4A01-A66F-EF18605531CC} = {8F4A74D4-4408-4BEC-ACC5-471519F3EE07}
		{E2EFE01E-49FD-4FC8-AA5B-1F8506F3E071} = {8F4A74D4-4408-4BEC-ACC5-471519F3EE07}
		{70E3F573-EE9F-43DC-98D5-AA3556E3B15C} = {036F662D-3EA7-46CB-A3E5-969787E41334}
		{32361F10-26D0-40B6-BA32-F42DB54F3426} = {7785C522-1A97-4123-93EE-D2FF1CB0106E}
		{A8EDE689-3A84-4F7D-881F-18F0A66970D7} = {419BB64C-31EC-46D3-A098-3E8D5BD8AC34}
		{38510D2F-2A0B-4E77-BA51-98D500C2B0DF} = {A8EDE689-3A84-4F7D-881F-18F0A66970D7}
		{38AF93B7-53F1-4E7C-A13D-BC7277043A86} = {A8EDE689-3A84-4F7D-881F-18F0A66970D7}
		{09396112-1AAF-4461-B631-F0D1774BE2EB} = {A8EDE689-3A84-4F7D-881F-18F0A66970D7}
		{FB7FE4A3-04C4-42AF-BB96-65520C070D49} = {A8EDE689-3A84-4F7D-881F-18F0A66970D7}
		{0D078D6D-A66C-4E78-8787-A4D7E26EF6C5} = {A8EDE689-3A84-4F7D-881F-18F0A66970D7}
	EndGlobalSection
	GlobalSection(ExtensibilityGlobals) = postSolution
		SolutionGuid = {BC2BA77D-47E3-4097-B193-E5A58D8A433F}
	EndGlobalSection
EndGlobal
